# THIS IS AN AUTOGENERATED FILE. DO NOT EDIT THIS FILE DIRECTLY.
# yarn lockfile v1


"@pnpm/config.env-replace@^1.1.0":
  version "1.1.0"
  resolved "https://npm.artifacts.pd-internal.com/npm/@pnpm/config.env-replace/-/1.1.0/config.env-replace-1.1.0.tgz"
  integrity sha512-htyl8TWnKL7K/ESFa1oW2UB5lVDxuF5DpM7tBi6Hu2LNL3mWkIzNLG6N4zoCUP1lCKNxWy/3iu8mS8MvToGd6w==

"@pnpm/network.ca-file@^1.0.1":
  version "1.0.2"
  resolved "https://npm.artifacts.pd-internal.com/npm/@pnpm/network.ca-file/-/1.0.2/network.ca-file-1.0.2.tgz"
  integrity sha512-YcPQ8a0jwYU9bTdJDpXjMi7Brhkr1mXsXrUJvjqM2mQDgkRiz8jFaQGOdaLxgjtUfQgZhKy/O3cG/YwmgKaxLA==
  dependencies:
    graceful-fs "4.2.10"

"@pnpm/npm-conf@^2.1.0":
  version "2.3.1"
  resolved "https://npm.artifacts.pd-internal.com/npm/@pnpm/npm-conf/-/2.3.1/npm-conf-2.3.1.tgz"
  integrity sha512-c83qWb22rNRuB0UaVCI0uRPNRr8Z0FWnEIvT47jiHAmOIUHbBOg5XvV7pM5x+rKn9HRpjxquDbXYSXr3fAKFcw==
  dependencies:
    "@pnpm/config.env-replace" "^1.1.0"
    "@pnpm/network.ca-file" "^1.0.1"
    config-chain "^1.1.11"

ansi-align@^3.0.0:
  version "3.0.1"
  resolved "https://npm.artifacts.pd-internal.com/npm/ansi-align/-/3.0.1/ansi-align-3.0.1.tgz"
  integrity sha512-IOfwwBF5iczOjp/WeY4YxyjqAFMQoZufdQWDd19SEExbVLNXqvpzSJ/M7Za4/sCPmQ0+GRquoA7bGcINcxew6w==
  dependencies:
    string-width "^4.1.0"

ansi-regex@^5.0.1:
  version "5.0.1"
  resolved "https://npm.artifacts.pd-internal.com/npm/ansi-regex/-/5.0.1/ansi-regex-5.0.1.tgz"
  integrity sha512-quJQXlTSUGL2LH9SUXo8VwsY4soanhgo6LNSm84E1LBcE8s3O0wpdiRzyR9z/ZZJMlMWv37qOOb9pdJlMUEKFQ==

ansi-styles@^4.0.0, ansi-styles@^4.1.0:
  version "4.3.0"
  resolved "https://npm.artifacts.pd-internal.com/npm/ansi-styles/-/4.3.0/ansi-styles-4.3.0.tgz"
  integrity sha512-zbB9rCJAT1rbjiVDb2hqKFHNYLxgtk8NURxZ3IZwD3F6NtxbXZQCnnSi1Lkx+IDohdPlFp222wVALIheZJQSEg==
  dependencies:
    color-convert "^2.0.1"

array-flatten@3.0.0:
  version "3.0.0"
  resolved "https://npm.artifacts.pd-internal.com/npm/array-flatten/-/3.0.0/array-flatten-3.0.0.tgz"
  integrity sha512-zPMVc3ZYlGLNk4mpK1NzP2wg0ml9t7fUgDsayR5Y5rSzxQilzR9FGu/EH2jQOcKSAeAfWeylyW8juy3OkWRvNA==

as-array@^2.0.0:
  version "2.0.0"
  resolved "https://npm.artifacts.pd-internal.com/npm/as-array/-/2.0.0/as-array-2.0.0.tgz"
  integrity sha512-1Sd1LrodN0XYxYeZcN1J4xYZvmvTwD5tDWaPUGPIzH1mFsmzsPnVtd2exWhecMjtZk/wYWjNZJiD3b1SLCeJqg==

balanced-match@^1.0.0:
  version "1.0.2"
  resolved "https://npm.artifacts.pd-internal.com/npm/balanced-match/-/1.0.2/balanced-match-1.0.2.tgz"
  integrity sha512-3oSeUO0TMV67hN1AmbXsK4yaqU7tjiHlbxRDZOpH0KW9+CeX4bRAaX0Anxt0tx2MrpRpWwQaPwIlISEJhYU5Pw==

basic-auth-connect@^1.0.0:
  version "1.1.0"
  resolved "https://npm.artifacts.pd-internal.com/npm/basic-auth-connect/-/basic-auth-connect-1.1.0.tgz"
  integrity sha512-rKcWjfiRZ3p5WS9e5q6msXa07s6DaFAMXoyowV+mb2xQG+oYdw2QEUyKi0Xp95JvXzShlM+oGy5QuqSK6TfC1Q==
  dependencies:
    tsscmp "^1.0.6"

basic-auth@~2.0.1:
  version "2.0.1"
  resolved "https://npm.artifacts.pd-internal.com/npm/basic-auth/-/2.0.1/basic-auth-2.0.1.tgz"
  integrity sha512-NF+epuEdnUYVlGuhaxbbq+dvJttwLnGY+YixlXlME5KpQ5W3CnXA5cVTneY3SPbPDRkcjMbifrwmFYcClgOZeg==
  dependencies:
    safe-buffer "5.1.2"

bloggista@^0.4.2:
  version "0.4.4"
  resolved "https://npm.artifacts.pd-internal.com/npm/bloggista/-/0.4.4/bloggista-0.4.4.tgz"
  integrity sha512-FCuhgncTcvsnG9qEFWRb+l6GASsXuYAK3VM37Gk0dgSmIM9QZEb330WkPxGEZk1TbS2N5MsFoNJbAGNqs2SX0Q==
  dependencies:
    commander "^9.4.1"
    typescript "^4.8.4"

boxen@^5.0.0:
  version "5.1.2"
  resolved "https://npm.artifacts.pd-internal.com/npm/boxen/-/5.1.2/boxen-5.1.2.tgz"
  integrity sha512-9gYgQKXx+1nP8mP7CzFyaUARhg7D3n1dF/FnErWmu9l6JvGpNUN278h0aSb+QjoiKSWG+iZ3uHrcqk0qrY9RQQ==
  dependencies:
    ansi-align "^3.0.0"
    camelcase "^6.2.0"
    chalk "^4.1.0"
    cli-boxes "^2.2.1"
    string-width "^4.2.2"
    type-fest "^0.20.2"
    widest-line "^3.1.0"
    wrap-ansi "^7.0.0"

brace-expansion@^2.0.1:
  version "2.0.1"
  resolved "https://npm.artifacts.pd-internal.com/npm/brace-expansion/-/2.0.1/brace-expansion-2.0.1.tgz"
  integrity sha512-XnAIvQ8eM+kC6aULx6wuQiwVsnzsi9d3WxzV3FpWTGA19F621kwdbsAcFKXgKUHZWsy+mY6iL1sHTxWEFCytDA==
  dependencies:
    balanced-match "^1.0.0"

bytes@3.1.2:
  version "3.1.2"
  resolved "https://npm.artifacts.pd-internal.com/npm/bytes/-/3.1.2/bytes-3.1.2.tgz"
  integrity sha512-/Nf7TyzTx6S3yRJObOAV7956r8cr2+Oj8AC5dt8wSP3BQAoeX58NoHyCU8P8zGkNXStjTSi6fzO6F0pBdcYbEg==

camelcase@^6.2.0:
  version "6.3.0"
  resolved "https://npm.artifacts.pd-internal.com/npm/camelcase/-/6.3.0/camelcase-6.3.0.tgz"
  integrity sha512-Gmy6FhYlCY7uOElZUSbxo2UCDH8owEk996gkbrpsgGtrJLM3J7jGxl9Ic7Qwwj4ivOE5AWZWRMecDdF7hqGjFA==

chalk@^4.1.0:
  version "4.1.2"
  resolved "https://npm.artifacts.pd-internal.com/npm/chalk/-/4.1.2/chalk-4.1.2.tgz"
  integrity sha512-oKnbhFyRIXpUuez8iBMmyEa4nbj4IOQyuhc/wy9kY7/WVPcwIO9VA668Pu8RkO7+0G76SLROeyw9CpQ061i4mA==
  dependencies:
    ansi-styles "^4.1.0"
    supports-color "^7.1.0"

ci-info@^2.0.0:
  version "2.0.0"
  resolved "https://npm.artifacts.pd-internal.com/npm/ci-info/-/2.0.0/ci-info-2.0.0.tgz"
  integrity sha512-5tK7EtrZ0N+OLFMthtqOj4fI2Jeb88C4CAZPu25LDVUgXJ0A3Js4PMGqrn0JU1W0Mh1/Z8wZzYPxqUrXeBboCQ==

cli-boxes@^2.2.1:
  version "2.2.1"
  resolved "https://npm.artifacts.pd-internal.com/npm/cli-boxes/-/2.2.1/cli-boxes-2.2.1.tgz"
  integrity sha512-y4coMcylgSCdVinjiDBuR8PCC2bLjyGTwEmPb9NHR/QaNU6EUOXcTY/s6VjGMD6ENSEaeQYHCY0GNGS5jfMwPw==

color-convert@^2.0.1:
  version "2.0.1"
  resolved "https://npm.artifacts.pd-internal.com/npm/color-convert/-/2.0.1/color-convert-2.0.1.tgz"
  integrity sha512-RRECPsj7iu/xb5oKYcsFHSppFNnsj/52OVTRKb4zP5onXwVF3zVmmToNcOfGC+CRDpfK/U584fMg38ZHCaElKQ==
  dependencies:
    color-name "~1.1.4"

color-name@~1.1.4:
  version "1.1.4"
  resolved "https://npm.artifacts.pd-internal.com/npm/color-name/-/1.1.4/color-name-1.1.4.tgz"
  integrity sha512-dOy+3AuW3a2wNbZHIuMZpTcgjGuLU/uBL/ubcZF9OXbDo8ff4O8yVp5Bf0efS8uEoYo5q4Fx7dY9OgQGXgAsQA==

commander@^10.0.0:
  version "10.0.1"
  resolved "https://npm.artifacts.pd-internal.com/npm/commander/-/10.0.1/commander-10.0.1.tgz"
  integrity sha512-y4Mg2tXshplEbSGzx7amzPwKKOCGuoSRP/CjEdwwk0FOGlUbq6lKuoyDZTNZkmxHdJtp54hdfY/JUrdL7Xfdug==

commander@^9.4.1:
  version "9.5.0"
  resolved "https://npm.artifacts.pd-internal.com/npm/commander/-/9.5.0/commander-9.5.0.tgz"
  integrity sha512-KRs7WVDKg86PWiuAqhDrAQnTXZKraVcCc6vFdL14qrZ/DcWwuRo7VoiYXalXO7S5GKpqYiVEwCbgFDfxNHKJBQ==

compressible@~2.0.18:
  version "2.0.18"
  resolved "https://npm.artifacts.pd-internal.com/npm/compressible/-/2.0.18/compressible-2.0.18.tgz"
  integrity sha512-AF3r7P5dWxL8MxyITRMlORQNaOA2IkAFaTr4k7BUumjPtRpGDTZpl0Pb1XCO6JeDCBdp126Cgs9sMxqSjgYyRg==
  dependencies:
    mime-db ">= 1.43.0 < 2"

compression@^1.7.0:
  version "1.7.5"
  resolved "https://npm.artifacts.pd-internal.com/npm/compression/-/1.7.5/compression-1.7.5.tgz"
  integrity sha512-bQJ0YRck5ak3LgtnpKkiabX5pNF7tMUh1BSy2ZBOTh0Dim0BUu6aPPwByIns6/A5Prh8PufSPerMDUklpzes2Q==
  dependencies:
    bytes "3.1.2"
    compressible "~2.0.18"
    debug "2.6.9"
    negotiator "~0.6.4"
    on-headers "~1.0.2"
    safe-buffer "5.2.1"
    vary "~1.1.2"

config-chain@^1.1.11:
  version "1.1.13"
  resolved "https://npm.artifacts.pd-internal.com/npm/config-chain/-/1.1.13/config-chain-1.1.13.tgz"
  integrity sha512-qj+f8APARXHrM0hraqXYb2/bOVSV4PvJQlNZ/DVj0QrmNM2q2euizkeuVckQ57J+W0mRH6Hvi+k50M4Jul2VRQ==
  dependencies:
    ini "^1.3.4"
    proto-list "~1.2.1"

configstore@^5.0.1:
  version "5.0.1"
  resolved "https://npm.artifacts.pd-internal.com/npm/configstore/-/5.0.1/configstore-5.0.1.tgz"
  integrity sha512-aMKprgk5YhBNyH25hj8wGt2+D52Sw1DRRIzqBwLp2Ya9mFmY8KPvvtvmna8SxVR9JMZ4kzMD68N22vlaRpkeFA==
  dependencies:
    dot-prop "^5.2.0"
    graceful-fs "^4.1.2"
    make-dir "^3.0.0"
    unique-string "^2.0.0"
    write-file-atomic "^3.0.0"
    xdg-basedir "^4.0.0"

connect@^3.7.0:
  version "3.7.0"
  resolved "https://npm.artifacts.pd-internal.com/npm/connect/-/3.7.0/connect-3.7.0.tgz"
  integrity sha512-ZqRXc+tZukToSNmh5C2iWMSoV3X1YUcPbqEM4DkEG5tNQXrQUZCNVGGv3IuicnkMtPfGf3Xtp8WCXs295iQ1pQ==
  dependencies:
    debug "2.6.9"
    finalhandler "1.1.2"
    parseurl "~1.3.3"
    utils-merge "1.0.1"

crypto-random-string@^2.0.0:
  version "2.0.0"
  resolved "https://npm.artifacts.pd-internal.com/npm/crypto-random-string/-/2.0.0/crypto-random-string-2.0.0.tgz"
  integrity sha512-v1plID3y9r/lPhviJ1wrXpLeyUIGAZ2SHNYTEapm7/8A9nLPoyvVp3RK/EPFqn5kEznyWgYZNsRtYYIWbuG8KA==

debug@2.6.9:
  version "2.6.9"
  resolved "https://npm.artifacts.pd-internal.com/npm/debug/-/2.6.9/debug-2.6.9.tgz"
  integrity sha512-bC7ElrdJaJnPbAP+1EotYvqZsb3ecl5wi6Bfi6BJTUcNowp6cvspg0jXznRTKDjm/E7AdgFBVeAPVMNcKGsHMA==
  dependencies:
    ms "2.0.0"

deep-extend@^0.6.0:
  version "0.6.0"
  resolved "https://npm.artifacts.pd-internal.com/npm/deep-extend/-/0.6.0/deep-extend-0.6.0.tgz"
  integrity sha512-LOHxIOaPYdHlJRtCQfDIVZtfw/ufM8+rVj649RIHzcm/vGwQRXFt6OPqIFWsm2XEMrNIEtWR64sY1LEKD2vAOA==

depd@~2.0.0:
  version "2.0.0"
  resolved "https://npm.artifacts.pd-internal.com/npm/depd/-/2.0.0/depd-2.0.0.tgz"
  integrity sha512-g7nH6P6dyDioJogAAGprGpCtVImJhpPk/roCzdb3fIh61/s/nPsfR6onyMwkCAR/OlC3yBC0lESvUoQEAssIrw==

destroy@^1.0.4:
  version "1.2.0"
  resolved "https://npm.artifacts.pd-internal.com/npm/destroy/-/1.2.0/destroy-1.2.0.tgz"
  integrity sha512-2sJGJTaXIIaR1w4iJSNoN0hnMY7Gpc/n8D4qSCJw8QqFWXf7cuAgnEHxBpweaVcPevC2l3KpjYCx3NypQQgaJg==

dot-prop@^5.2.0:
  version "5.3.0"
  resolved "https://npm.artifacts.pd-internal.com/npm/dot-prop/-/5.3.0/dot-prop-5.3.0.tgz"
  integrity sha512-QM8q3zDe58hqUqjraQOmzZ1LIH9SWQJTlEKCH4kJ2oQvLZk7RbQXvtDM2XEq3fwkV9CCvvH4LA0AV+ogFsBM2Q==
  dependencies:
    is-obj "^2.0.0"

ee-first@1.1.1:
  version "1.1.1"
  resolved "https://npm.artifacts.pd-internal.com/npm/ee-first/-/1.1.1/ee-first-1.1.1.tgz"
  integrity sha512-WMwm9LhRUo+WUaRN+vRuETqG89IgZphVSNkdFgeb6sS/E4OrDIN7t48CAewSHXc6C8lefD8KKfr5vY61brQlow==

emoji-regex@^8.0.0:
  version "8.0.0"
  resolved "https://npm.artifacts.pd-internal.com/npm/emoji-regex/-/8.0.0/emoji-regex-8.0.0.tgz"
  integrity sha512-MSjYzcWNOA0ewAHpz0MxpYFvwg6yjy1NG3xteoqz644VCo/RPgnr1/GGt+ic3iJTzQ8Eu3TdM14SawnVUmGE6A==

encodeurl@~1.0.2:
  version "1.0.2"
  resolved "https://npm.artifacts.pd-internal.com/npm/encodeurl/-/1.0.2/encodeurl-1.0.2.tgz"
  integrity sha512-TPJXq8JqFaVYm2CWmPvnP2Iyo4ZSM7/QKcSmuMLDObfpH5fi7RUGmd/rTDf+rut/saiDiQEeVTNgAmJEdAOx0w==

encoding@^0.1.0:
  version "0.1.13"
  resolved "https://npm.artifacts.pd-internal.com/npm/encoding/-/0.1.13/encoding-0.1.13.tgz"
  integrity sha512-ETBauow1T35Y/WZMkio9jiM0Z5xjHHmJ4XmjZOq1l/dXz3lr2sRn87nJy20RupqSh1F2m3HHPSp8ShIPQJrJ3A==
  dependencies:
    iconv-lite "^0.6.2"

escape-goat@^2.0.0:
  version "2.1.1"
  resolved "https://npm.artifacts.pd-internal.com/npm/escape-goat/-/2.1.1/escape-goat-2.1.1.tgz"
  integrity sha512-8/uIhbG12Csjy2JEW7D9pHbreaVaS/OpN3ycnyvElTdwM5n6GY6W6e2IPemfvGZeUMqZ9A/3GqIZMgKnBhAw/Q==

escape-html@~1.0.3:
  version "1.0.3"
  resolved "https://npm.artifacts.pd-internal.com/npm/escape-html/-/1.0.3/escape-html-1.0.3.tgz"
  integrity sha512-NiSupZ4OeuGwr68lGIeym/ksIZMJodUGOSCZ/FSnTxcrekbvqrgdUxlJOMpijaKZVjAJrWrGs/6Jy8OMuyj9ow==

fast-url-parser@^1.1.3:
  version "1.1.3"
  resolved "https://npm.artifacts.pd-internal.com/npm/fast-url-parser/-/1.1.3/fast-url-parser-1.1.3.tgz"
  integrity sha512-5jOCVXADYNuRkKFzNJ0dCCewsZiYo0dz8QNYljkOpFC6r2U4OBmKtvm/Tsuh4w1YYdDqDb31a8TVhBJ2OJKdqQ==
  dependencies:
    punycode "^1.3.2"

finalhandler@1.1.2:
  version "1.1.2"
  resolved "https://npm.artifacts.pd-internal.com/npm/finalhandler/-/1.1.2/finalhandler-1.1.2.tgz"
  integrity sha512-aAWcW57uxVNrQZqFXjITpW3sIUQmHGG3qSb9mUah9MgMC4NeWhNOlNjXEYq3HjRAvL6arUviZGGJsBg6z0zsWA==
  dependencies:
    debug "2.6.9"
    encodeurl "~1.0.2"
    escape-html "~1.0.3"
    on-finished "~2.3.0"
    parseurl "~1.3.3"
    statuses "~1.5.0"
    unpipe "~1.0.0"

glob-slash@^1.0.0:
  version "1.0.0"
  resolved "https://npm.artifacts.pd-internal.com/npm/glob-slash/-/1.0.0/glob-slash-1.0.0.tgz"
  integrity sha512-ZwFh34WZhZX28ntCMAP1mwyAJkn8+Omagvt/GvA+JQM/qgT0+MR2NPF3vhvgdshfdvDyGZXs8fPXW84K32Wjuw==

glob-slasher@^1.0.1:
  version "1.0.1"
  resolved "https://npm.artifacts.pd-internal.com/npm/glob-slasher/-/1.0.1/glob-slasher-1.0.1.tgz"
  integrity sha512-5MUzqFiycIKLMD1B0dYOE4hGgLLUZUNGGYO4BExdwT32wUwW3DBOE7lMQars7vB1q43Fb3Tyt+HmgLKsJhDYdg==
  dependencies:
    glob-slash "^1.0.0"
    lodash.isobject "^2.4.1"
    toxic "^1.0.0"

global-dirs@^3.0.0:
  version "3.0.1"
  resolved "https://npm.artifacts.pd-internal.com/npm/global-dirs/-/3.0.1/global-dirs-3.0.1.tgz"
  integrity sha512-NBcGGFbBA9s1VzD41QXDG+3++t9Mn5t1FpLdhESY6oKY4gYTFpX4wO3sqGUa0Srjtbfj3szX0RnemmrVRUdULA==
  dependencies:
    ini "2.0.0"

graceful-fs@^4.1.2:
  version "4.2.11"
  resolved "https://npm.artifacts.pd-internal.com/npm/graceful-fs/-/4.2.11/graceful-fs-4.2.11.tgz"
  integrity sha512-RbJ5/jmFcNNCcDV5o9eTnBLJ/HszWV0P73bc+Ff4nS/rJj+YaS6IGyiOL0VoBYX+l1Wrl3k63h/KrH+nhJ0XvQ==

graceful-fs@4.2.10:
  version "4.2.10"
  resolved "https://npm.artifacts.pd-internal.com/npm/graceful-fs/-/4.2.10/graceful-fs-4.2.10.tgz"
  integrity sha512-9ByhssR2fPVsNZj478qUUbKfmL0+t5BDVyjShtyZZLiK7ZDAArFFfopyOTj0M05wE2tJPisA4iTnnXl2YoPvOA==

has-flag@^4.0.0:
  version "4.0.0"
  resolved "https://npm.artifacts.pd-internal.com/npm/has-flag/-/4.0.0/has-flag-4.0.0.tgz"
  integrity sha512-EykJT/Q1KjTWctppgIAgfSO0tKVuZUjhgMr17kqTumMl6Afv3EISleU7qZUzoXDFTAHTDC4NOoG/ZxU3EvlMPQ==

has-yarn@^2.1.0:
  version "2.1.0"
  resolved "https://npm.artifacts.pd-internal.com/npm/has-yarn/-/2.1.0/has-yarn-2.1.0.tgz"
  integrity sha512-UqBRqi4ju7T+TqGNdqAO0PaSVGsDGJUBQvk9eUWNGRY1CFGDzYhLWoM7JQEemnlvVcv/YEmc2wNW8BC24EnUsw==

iconv-lite@^0.6.2:
  version "0.6.3"
  resolved "https://npm.artifacts.pd-internal.com/npm/iconv-lite/-/0.6.3/iconv-lite-0.6.3.tgz"
  integrity sha512-4fCk79wshMdzMp2rH06qWrJE4iolqLhCUH+OiuIgU++RB0+94NlDL81atO7GX55uUKueo0txHNtvEyI6D7WdMw==
  dependencies:
    safer-buffer ">= 2.1.2 < 3.0.0"

import-lazy@^2.1.0:
  version "2.1.0"
  resolved "https://npm.artifacts.pd-internal.com/npm/import-lazy/-/2.1.0/import-lazy-2.1.0.tgz"
  integrity sha512-m7ZEHgtw69qOGw+jwxXkHlrlIPdTGkyh66zXZ1ajZbxkDBNjSY/LGbmjc7h0s2ELsUDTAhFr55TrPSSqJGPG0A==

imurmurhash@^0.1.4:
  version "0.1.4"
  resolved "https://npm.artifacts.pd-internal.com/npm/imurmurhash/-/0.1.4/imurmurhash-0.1.4.tgz"
  integrity sha512-JmXMZ6wuvDmLiHEml9ykzqO6lwFbof0GG4IkcGaENdCRDDmMVnny7s5HsIgHCbaq0w2MyPhDqkhTUgS2LU2PHA==

ini@^1.3.4:
  version "1.3.8"
  resolved "https://npm.artifacts.pd-internal.com/npm/ini/-/1.3.8/ini-1.3.8.tgz"
  integrity sha512-JV/yugV2uzW5iMRSiZAyDtQd+nxtUnjeLt0acNdw98kKLrvuRVyB80tsREOE7yvGVgalhZ6RNXCmEHkUKBKxew==

ini@~1.3.0:
  version "1.3.8"
  resolved "https://npm.artifacts.pd-internal.com/npm/ini/-/1.3.8/ini-1.3.8.tgz"
  integrity sha512-JV/yugV2uzW5iMRSiZAyDtQd+nxtUnjeLt0acNdw98kKLrvuRVyB80tsREOE7yvGVgalhZ6RNXCmEHkUKBKxew==

ini@2.0.0:
  version "2.0.0"
  resolved "https://npm.artifacts.pd-internal.com/npm/ini/-/2.0.0/ini-2.0.0.tgz"
  integrity sha512-7PnF4oN3CvZF23ADhA5wRaYEQpJ8qygSkbtTXWBeXWXmEVRXK+1ITciHWwHhsjv1TmW0MgacIv6hEi5pX5NQdA==

is-ci@^2.0.0:
  version "2.0.0"
  resolved "https://npm.artifacts.pd-internal.com/npm/is-ci/-/2.0.0/is-ci-2.0.0.tgz"
  integrity sha512-YfJT7rkpQB0updsdHLGWrvhBJfcfzNNawYDNIyQXJz0IViGf75O8EBPKSdvw2rF+LGCsX4FZ8tcr3b19LcZq4w==
  dependencies:
    ci-info "^2.0.0"

is-fullwidth-code-point@^3.0.0:
  version "3.0.0"
  resolved "https://npm.artifacts.pd-internal.com/npm/is-fullwidth-code-point/-/3.0.0/is-fullwidth-code-point-3.0.0.tgz"
  integrity sha512-zymm5+u+sCsSWyD9qNaejV3DFvhCKclKdizYaJUuHA83RLjb7nSuGnddCHGv0hk+KY7BMAlsWeK4Ueg6EV6XQg==

is-installed-globally@^0.4.0:
  version "0.4.0"
  resolved "https://npm.artifacts.pd-internal.com/npm/is-installed-globally/-/0.4.0/is-installed-globally-0.4.0.tgz"
  integrity sha512-iwGqO3J21aaSkC7jWnHP/difazwS7SFeIqxv6wEtLU8Y5KlzFTjyqcSIT0d8s4+dDhKytsk9PJZ2BkS5eZwQRQ==
  dependencies:
    global-dirs "^3.0.0"
    is-path-inside "^3.0.2"

is-npm@^5.0.0:
  version "5.0.0"
  resolved "https://npm.artifacts.pd-internal.com/npm/is-npm/-/5.0.0/is-npm-5.0.0.tgz"
  integrity sha512-WW/rQLOazUq+ST/bCAVBp/2oMERWLsR7OrKyt052dNDk4DHcDE0/7QSXITlmi+VBcV13DfIbysG3tZJm5RfdBA==

is-obj@^2.0.0:
  version "2.0.0"
  resolved "https://npm.artifacts.pd-internal.com/npm/is-obj/-/2.0.0/is-obj-2.0.0.tgz"
  integrity sha512-drqDG3cbczxxEJRoOXcOjtdp1J/lyp1mNn0xaznRs8+muBhgQcrnbspox5X5fOw0HnMnbfDzvnEMEtqDEJEo8w==

is-path-inside@^3.0.2:
  version "3.0.3"
  resolved "https://npm.artifacts.pd-internal.com/npm/is-path-inside/-/3.0.3/is-path-inside-3.0.3.tgz"
  integrity sha512-Fd4gABb+ycGAmKou8eMftCupSir5lRxqf4aD/vd0cD2qc4HL07OjCeuHMr8Ro4CoMaeCKDB0/ECBOVWjTwUvPQ==

is-typedarray@^1.0.0:
  version "1.0.0"
  resolved "https://npm.artifacts.pd-internal.com/npm/is-typedarray/-/1.0.0/is-typedarray-1.0.0.tgz"
  integrity sha512-cyA56iCMHAh5CdzjJIa4aohJyeO1YbwLi3Jc35MmRU6poroFjIGZzUzupGiRPOjgHg9TLu43xbpwXk523fMxKA==

is-url@^1.2.2:
  version "1.2.4"
  resolved "https://npm.artifacts.pd-internal.com/npm/is-url/-/1.2.4/is-url-1.2.4.tgz"
  integrity sha512-ITvGim8FhRiYe4IQ5uHSkj7pVaPDrCTkNd3yq3cV7iZAcJdHTUMPMEHcqSOy9xZ9qFenQCvi+2wjH9a1nXqHww==

is-yarn-global@^0.3.0:
  version "0.3.0"
  resolved "https://npm.artifacts.pd-internal.com/npm/is-yarn-global/-/0.3.0/is-yarn-global-0.3.0.tgz"
  integrity sha512-VjSeb/lHmkoyd8ryPVIKvOCn4D1koMqY+vqyjjUfc3xyKtP4dYOxM44sZrnqQSzSds3xyOrUTLTC9LVCVgLngw==

isarray@0.0.1:
  version "0.0.1"
  resolved "https://npm.artifacts.pd-internal.com/npm/isarray/-/0.0.1/isarray-0.0.1.tgz"
  integrity sha512-D2S+3GLxWH+uhrNEcoh/fnmYeP8E8/zHl644d/jdA0g2uyXvy3sb0qxotE+ne0LtccHknQzWwZEzhak7oJ0COQ==

isomorphic-fetch@^3.0.0:
  version "3.0.0"
  resolved "https://npm.artifacts.pd-internal.com/npm/isomorphic-fetch/-/3.0.0/isomorphic-fetch-3.0.0.tgz"
  integrity sha512-qvUtwJ3j6qwsF3jLxkZ72qCgjMysPzDfeV240JHiGZsANBYd+EEuu35v7dfrJ9Up0Ak07D7GGSkGhCHTqg/5wA==
  dependencies:
    node-fetch "^2.6.1"
    whatwg-fetch "^3.4.1"

join-path@^1.1.1:
  version "1.1.1"
  resolved "https://npm.artifacts.pd-internal.com/npm/join-path/-/1.1.1/join-path-1.1.1.tgz"
  integrity sha512-jnt9OC34sLXMLJ6YfPQ2ZEKrR9mB5ZbSnQb4LPaOx1c5rTzxpR33L18jjp0r75mGGTJmsil3qwN1B5IBeTnSSA==
  dependencies:
    as-array "^2.0.0"
    url-join "0.0.1"
    valid-url "^1"

lodash._objecttypes@~2.4.1:
  version "2.4.1"
  resolved "https://npm.artifacts.pd-internal.com/npm/lodash._objecttypes/-/2.4.1/lodash._objecttypes-2.4.1.tgz"
  integrity sha512-XpqGh1e7hhkOzftBfWE7zt+Yn9mVHFkDhicVttvKLsoCMLVVL+xTQjfjB4X4vtznauxv0QZ5ZAeqjvat0dh62Q==

lodash.isobject@^2.4.1:
  version "2.4.1"
  resolved "https://npm.artifacts.pd-internal.com/npm/lodash.isobject/-/2.4.1/lodash.isobject-2.4.1.tgz"
  integrity sha512-sTebg2a1PoicYEZXD5PBdQcTlIJ6hUslrlWr7iV0O7n+i4596s2NQ9I5CaZ5FbXSfya/9WQsrYLANUJv9paYVA==
  dependencies:
    lodash._objecttypes "~2.4.1"

lodash@^4.17.10, lodash@^4.17.19:
  version "4.17.21"
  resolved "https://npm.artifacts.pd-internal.com/npm/lodash/-/4.17.21/lodash-4.17.21.tgz"
  integrity sha512-v2kDEe57lecTulaDIuNTPy3Ry4gLGJ6Z1O3vE1krgXZNrsQ+LFTGHVxVjcXPs17LhbZVGedAJv8XZ1tvj5FvSg==

make-dir@^3.0.0:
  version "3.1.0"
  resolved "https://npm.artifacts.pd-internal.com/npm/make-dir/-/3.1.0/make-dir-3.1.0.tgz"
  integrity sha512-g3FeP20LNwhALb/6Cz6Dd4F2ngze0jz7tbzrD2wAV+o9FeNHe4rL+yK2md0J/fiSf1sa1ADhXqi5+oVwOM/eGw==
  dependencies:
    semver "^6.0.0"

methods@~1.1.2:
  version "1.1.2"
  resolved "https://npm.artifacts.pd-internal.com/npm/methods/-/1.1.2/methods-1.1.2.tgz"
  integrity sha512-iclAHeNqNm68zFtnZ0e+1L2yUIdvzNoauKU4WBA3VvH/vPFieF7qfRlwUZU+DA9P9bPXIS90ulxoUoCH23sV2w==

"mime-db@>= 1.43.0 < 2":
  version "1.53.0"
  resolved "https://npm.artifacts.pd-internal.com/npm/mime-db/-/1.53.0/mime-db-1.53.0.tgz"
  integrity sha512-oHlN/w+3MQ3rba9rqFr6V/ypF10LSkdwUysQL7GkXoTgIWeV+tcXGA852TBxH+gsh8UWoyhR1hKcoMJTuWflpg==

mime-db@1.52.0:
  version "1.52.0"
  resolved "https://npm.artifacts.pd-internal.com/npm/mime-db/-/1.52.0/mime-db-1.52.0.tgz"
  integrity sha512-sPU4uV7dYlvtWJxwwxHD0PuihVNiE7TyAbQ5SWxDCB9mUYvOgroQOwYQQOKPJ8CIbE+1ETVlOoK1UC2nU3gYvg==

mime-types@^2.1.35:
  version "2.1.35"
  resolved "https://npm.artifacts.pd-internal.com/npm/mime-types/-/2.1.35/mime-types-2.1.35.tgz"
  integrity sha512-ZDY+bPm5zTTF+YpCrAU9nK0UgICYPT0QtT1NZWFv4s++TNkcgVaT0g6+4R2uI4MjQjzysHB1zxuWL50hzaeXiw==
  dependencies:
    mime-db "1.52.0"

minimatch@^6.1.6:
  version "6.2.0"
  resolved "https://npm.artifacts.pd-internal.com/npm/minimatch/-/6.2.0/minimatch-6.2.0.tgz"
  integrity sha512-sauLxniAmvnhhRjFwPNnJKaPFYyddAgbYdeUpHULtCT/GhzdCx/MDNy+Y40lBxTQUrMzDE8e0S43Z5uqfO0REg==
  dependencies:
    brace-expansion "^2.0.1"

minimist@^1.2.0:
  version "1.2.8"
  resolved "https://npm.artifacts.pd-internal.com/npm/minimist/-/1.2.8/minimist-1.2.8.tgz"
  integrity sha512-2yyAR8qBkN3YuheJanUpWC5U3bb5osDywNB8RzDVlDwDHbocAJveqqj1u8+SVD7jkWT4yvsHCpWqqWqAxb0zCA==

morgan@^1.8.2:
  version "1.10.0"
  resolved "https://npm.artifacts.pd-internal.com/npm/morgan/-/1.10.0/morgan-1.10.0.tgz"
  integrity sha512-AbegBVI4sh6El+1gNwvD5YIck7nSA36weD7xvIxG4in80j/UoK8AEGaWnnz8v1GxonMCltmlNs5ZKbGvl9b1XQ==
  dependencies:
    basic-auth "~2.0.1"
    debug "2.6.9"
    depd "~2.0.0"
    on-finished "~2.3.0"
    on-headers "~1.0.2"

ms@2.0.0:
  version "2.0.0"
  resolved "https://npm.artifacts.pd-internal.com/npm/ms/-/2.0.0/ms-2.0.0.tgz"
  integrity sha512-Tpp60P6IUJDTuOq/5Z8cdskzJujfwqfOTkrwIwj7IRISpnkJnT6SyJ4PCPnGMoFjC9ddhal5KVIYtAt97ix05A==

negotiator@~0.6.4:
  version "0.6.4"
  resolved "https://npm.artifacts.pd-internal.com/npm/negotiator/-/0.6.4/negotiator-0.6.4.tgz"
  integrity sha512-myRT3DiWPHqho5PrJaIRyaMv2kgYf0mUVgBNOYMuCH5Ki1yEiQaf/ZJuQ62nvpc44wL5WDbTX7yGJi1Neevw8w==

node-fetch@^2.6.1:
  version "2.7.0"
  resolved "https://npm.artifacts.pd-internal.com/npm/node-fetch/-/2.7.0/node-fetch-2.7.0.tgz"
  integrity sha512-c4FRfUm/dbcWZ7U+1Wq0AwCyFL+3nt2bEw05wfxSz+DWpWsitgmSgYmy2dQdWyKC1694ELPqMs/YzUSNozLt8A==
  dependencies:
    whatwg-url "^5.0.0"

on-finished@^2.2.0:
  version "2.4.1"
  resolved "https://npm.artifacts.pd-internal.com/npm/on-finished/-/2.4.1/on-finished-2.4.1.tgz"
  integrity sha512-oVlzkg3ENAhCk2zdv7IJwd/QUD4z2RxRwpkcGY8psCVcCYZNq4wYnVWALHM+brtuJjePWiYF/ClmuDr8Ch5+kg==
  dependencies:
    ee-first "1.1.1"

on-finished@~2.3.0:
  version "2.3.0"
  resolved "https://npm.artifacts.pd-internal.com/npm/on-finished/-/2.3.0/on-finished-2.3.0.tgz"
  integrity sha512-ikqdkGAAyf/X/gPhXGvfgAytDZtDbr+bkNUJ0N9h5MI/dmdgCs3l6hoHrcUv41sRKew3jIwrp4qQDXiK99Utww==
  dependencies:
    ee-first "1.1.1"

on-headers@^1.0.0, on-headers@~1.0.2:
  version "1.0.2"
  resolved "https://npm.artifacts.pd-internal.com/npm/on-headers/-/1.0.2/on-headers-1.0.2.tgz"
  integrity sha512-pZAE+FJLoyITytdqK0U5s+FIpjN0JP3OzFi/u8Rx+EV5/W+JTWGXG8xFzevE7AjBfDqHv/8vL8qQsIhHnqRkrA==

parseurl@~1.3.3:
  version "1.3.3"
  resolved "https://npm.artifacts.pd-internal.com/npm/parseurl/-/1.3.3/parseurl-1.3.3.tgz"
  integrity sha512-CiyeOxFT/JZyN5m0z9PfXw4SCBJ6Sygz1Dpl0wqjlhDEGGBP1GnsUVEL0p63hoG1fcj3fHynXi9NYO4nWOL+qQ==

path-to-regexp@^1.8.0:
  version "1.9.0"
  resolved "https://npm.artifacts.pd-internal.com/npm/path-to-regexp/-/1.9.0/path-to-regexp-1.9.0.tgz"
  integrity sha512-xIp7/apCFJuUHdDLWe8O1HIkb0kQrOMb/0u6FXQjemHn/ii5LrIzU6bdECnsiTF/GjZkMEKg1xdiZwNqDYlZ6g==
  dependencies:
    isarray "0.0.1"

path-to-regexp@0.1.7:
  version "0.1.7"
  resolved "https://npm.artifacts.pd-internal.com/npm/path-to-regexp/-/0.1.7/path-to-regexp-0.1.7.tgz"
  integrity sha512-5DFkuoqlv1uYQKxy8omFBeJPQcdoE07Kv2sferDCrAq1ohOU+MSDswDIbnx3YAM60qIOnYa53wBhXW0EbMonrQ==

proto-list@~1.2.1:
  version "1.2.4"
  resolved "https://npm.artifacts.pd-internal.com/npm/proto-list/-/1.2.4/proto-list-1.2.4.tgz"
  integrity sha512-vtK/94akxsTMhe0/cbfpR+syPuszcuwhqVjJq26CuNDgFGj682oRBXOP5MJpv2r7JtE8MsiepGIqvvOTBwn2vA==

punycode@^1.3.2:
  version "1.4.1"
  resolved "https://npm.artifacts.pd-internal.com/npm/punycode/-/1.4.1/punycode-1.4.1.tgz"
  integrity sha512-jmYNElW7yvO7TV33CjSmvSiE2yco3bV2czu/OzDKdMNVZQWfxCblURLhf+47syQRBntjfLdd/H0egrzIG+oaFQ==

pupa@^2.1.1:
  version "2.1.1"
  resolved "https://npm.artifacts.pd-internal.com/npm/pupa/-/2.1.1/pupa-2.1.1.tgz"
  integrity sha512-l1jNAspIBSFqbT+y+5FosojNpVpF94nlI+wDUpqP9enwOTfHx9f0gh5nB96vl+6yTpsJsypeNrwfzPrKuHB41A==
  dependencies:
    escape-goat "^2.0.0"

rc@^1.2.8:
  version "1.2.8"
  resolved "https://npm.artifacts.pd-internal.com/npm/rc/-/1.2.8/rc-1.2.8.tgz"
  integrity sha512-y3bGgqKj3QBdxLbLkomlohkvsA8gdAiUQlSBJnBhfn+BPxg4bc62d8TcBW15wavDfgexCgccckhcZvywyQYPOw==
  dependencies:
    deep-extend "^0.6.0"
    ini "~1.3.0"
    minimist "^1.2.0"
    strip-json-comments "~2.0.1"

registry-auth-token@^5.0.1:
  version "5.0.2"
  resolved "https://npm.artifacts.pd-internal.com/npm/registry-auth-token/-/5.0.2/registry-auth-token-5.0.2.tgz"
  integrity sha512-o/3ikDxtXaA59BmZuZrJZDJv8NMDGSj+6j6XaeBmHw8eY1i1qd9+6H+LjVvQXx3HN6aRCGa1cUdJ9RaJZUugnQ==
  dependencies:
    "@pnpm/npm-conf" "^2.1.0"

registry-url@^5.1.0:
  version "5.1.0"
  resolved "https://npm.artifacts.pd-internal.com/npm/registry-url/-/5.1.0/registry-url-5.1.0.tgz"
  integrity sha512-8acYXXTI0AkQv6RAOjE3vOaIXZkT9wo4LOFbBKYQEEnnMNBpKqdUrI6S4NT0KPIo/WVvJ5tE/X5LF/TQUf0ekw==
  dependencies:
    rc "^1.2.8"

router@^1.3.1:
  version "1.3.8"
  resolved "https://npm.artifacts.pd-internal.com/npm/router/-/1.3.8/router-1.3.8.tgz"
  integrity sha512-461UFH44NtSfIlS83PUg2N7OZo86BC/kB3dY77gJdsODsBhhw7+2uE0tzTINxrY9CahCUVk1VhpWCA5i1yoIEg==
  dependencies:
    array-flatten "3.0.0"
    debug "2.6.9"
    methods "~1.1.2"
    parseurl "~1.3.3"
    path-to-regexp "0.1.7"
    setprototypeof "1.2.0"
    utils-merge "1.0.1"

safe-buffer@5.1.2:
  version "5.1.2"
  resolved "https://npm.artifacts.pd-internal.com/npm/safe-buffer/-/5.1.2/safe-buffer-5.1.2.tgz"
  integrity sha512-Gd2UZBJDkXlY7GbJxfsE8/nvKkUEU1G38c1siN6QP6a9PT9MmHB8GnpscSmMJSoF8LOIrt8ud/wPtojys4G6+g==

safe-buffer@5.2.1:
  version "5.2.1"
  resolved "https://npm.artifacts.pd-internal.com/npm/safe-buffer/-/5.2.1/safe-buffer-5.2.1.tgz"
  integrity sha512-rp3So07KcdmmKbGvgaNxQSJr7bGVSVk5S9Eq1F+ppbRo70+YeaDxkw5Dd8NPN+GD6bjnYm2VuPuCXmpuYvmCXQ==

"safer-buffer@>= 2.1.2 < 3.0.0":
  version "2.1.2"
  resolved "https://npm.artifacts.pd-internal.com/npm/safer-buffer/-/2.1.2/safer-buffer-2.1.2.tgz"
  integrity sha512-YZo3K82SD7Riyi0E1EQPojLz7kpepnSQI9IyPbHHg1XXXevb5dJI7tpyN2ADxGcQbHG7vcyRHk0cbwqcQriUtg==

semver-diff@^3.1.1:
  version "3.1.1"
  resolved "https://npm.artifacts.pd-internal.com/npm/semver-diff/-/3.1.1/semver-diff-3.1.1.tgz"
  integrity sha512-GX0Ix/CJcHyB8c4ykpHGIAvLyOwOobtM/8d+TQkAd81/bEjgPHrfba41Vpesr7jX/t8Uh+R3EX9eAS5be+jQYg==
  dependencies:
    semver "^6.3.0"

semver@^6.0.0:
  version "6.3.1"
  resolved "https://npm.artifacts.pd-internal.com/npm/semver/-/6.3.1/semver-6.3.1.tgz"
  integrity sha512-BR7VvDCVHO+q2xBEWskxS6DJE1qRnb7DxzUrogb71CWoSficBxYsiAGd+Kl0mmq/MprG9yArRkyrQxTO6XjMzA==

semver@^6.3.0:
  version "6.3.1"
  resolved "https://npm.artifacts.pd-internal.com/npm/semver/-/6.3.1/semver-6.3.1.tgz"
  integrity sha512-BR7VvDCVHO+q2xBEWskxS6DJE1qRnb7DxzUrogb71CWoSficBxYsiAGd+Kl0mmq/MprG9yArRkyrQxTO6XjMzA==

semver@^7.3.7:
  version "7.6.3"
  resolved "https://npm.artifacts.pd-internal.com/npm/semver/-/7.6.3/semver-7.6.3.tgz"
  integrity sha512-oVekP1cKtI+CTDvHWYFUcMtsK/00wmAEfyqKfNdARm8u1wNVhSgaX7A8d4UuIlUI5e84iEwOhs7ZPYRmzU9U6A==

setprototypeof@1.2.0:
  version "1.2.0"
  resolved "https://npm.artifacts.pd-internal.com/npm/setprototypeof/-/1.2.0/setprototypeof-1.2.0.tgz"
  integrity sha512-E5LDX7Wrp85Kil5bhZv46j8jOeboKq5JMmYM3gVGdGH8xFpPWXUMsNrlODCrkoxMEeNi/XZIwuRvY4XNwYMJpw==

signal-exit@^3.0.2:
  version "3.0.7"
  resolved "https://npm.artifacts.pd-internal.com/npm/signal-exit/-/3.0.7/signal-exit-3.0.7.tgz"
  integrity sha512-wnD2ZE+l+SPC/uoS0vXeE9L1+0wuaMqKlfz9AMUo38JsyLSBWSFcHR1Rri62LZc12vLr1gb3jl7iwQhgwpAbGQ==

statuses@~1.5.0:
  version "1.5.0"
  resolved "https://npm.artifacts.pd-internal.com/npm/statuses/-/1.5.0/statuses-1.5.0.tgz"
  integrity sha512-OpZ3zP+jT1PI7I8nemJX4AKmAX070ZkYPVWV/AaKTJl+tXCTGyVdC1a4SL8RUQYEwk/f34ZX8UTykN68FwrqAA==

string-width@^4.0.0:
  version "4.2.3"
  resolved "https://npm.artifacts.pd-internal.com/npm/string-width/-/4.2.3/string-width-4.2.3.tgz"
  integrity sha512-wKyQRQpjJ0sIp62ErSZdGsjMJWsap5oRNihHhu6G7JVO/9jIB6UyevL+tXuOqrng8j/cxKTWyWUwvSTriiZz/g==
  dependencies:
    emoji-regex "^8.0.0"
    is-fullwidth-code-point "^3.0.0"
    strip-ansi "^6.0.1"

string-width@^4.1.0, string-width@^4.2.2:
  version "4.2.3"
  resolved "https://npm.artifacts.pd-internal.com/npm/string-width/-/4.2.3/string-width-4.2.3.tgz"
  integrity sha512-wKyQRQpjJ0sIp62ErSZdGsjMJWsap5oRNihHhu6G7JVO/9jIB6UyevL+tXuOqrng8j/cxKTWyWUwvSTriiZz/g==
  dependencies:
    emoji-regex "^8.0.0"
    is-fullwidth-code-point "^3.0.0"
    strip-ansi "^6.0.1"

strip-ansi@^6.0.0, strip-ansi@^6.0.1:
  version "6.0.1"
  resolved "https://npm.artifacts.pd-internal.com/npm/strip-ansi/-/6.0.1/strip-ansi-6.0.1.tgz"
  integrity sha512-Y38VPSHcqkFrCpFnQ9vuSXmquuv5oXOKpGeT6aGrr3o3Gc9AlVa6JBfUSOCnbxGGZF+/0ooI7KrPuUSztUdU5A==
  dependencies:
    ansi-regex "^5.0.1"

strip-json-comments@~2.0.1:
  version "2.0.1"
  resolved "https://npm.artifacts.pd-internal.com/npm/strip-json-comments/-/2.0.1/strip-json-comments-2.0.1.tgz"
  integrity sha512-4gB8na07fecVVkOI6Rs4e7T6NOTki5EmL7TUduTs6bu3EdnSycntVJ4re8kgZA+wx9IueI2Y11bfbgwtzuE0KQ==

superstatic@^9.0.3:
  version "9.0.3"
  resolved "https://npm.artifacts.pd-internal.com/npm/superstatic/-/9.0.3/superstatic-9.0.3.tgz"
  integrity sha512-e/tmW0bsnQ/33ivK6y3CapJT0Ovy4pk/ohNPGhIAGU2oasoNLRQ1cv6enua09NU9w6Y0H/fBu07cjzuiWvLXxw==
  dependencies:
    basic-auth-connect "^1.0.0"
    commander "^10.0.0"
    compression "^1.7.0"
    connect "^3.7.0"
    destroy "^1.0.4"
    fast-url-parser "^1.1.3"
    glob-slasher "^1.0.1"
    is-url "^1.2.2"
    join-path "^1.1.1"
    lodash "^4.17.19"
    mime-types "^2.1.35"
    minimatch "^6.1.6"
    morgan "^1.8.2"
    on-finished "^2.2.0"
    on-headers "^1.0.0"
    path-to-regexp "^1.8.0"
    router "^1.3.1"
    update-notifier-cjs "^5.1.6"
  optionalDependencies:
    re2 "^1.17.7"

supports-color@^7.1.0:
  version "7.2.0"
  resolved "https://npm.artifacts.pd-internal.com/npm/supports-color/-/7.2.0/supports-color-7.2.0.tgz"
  integrity sha512-qpCAvRl9stuOHveKsn7HncJRvv501qIacKzQlO/+Lwxc9+0q2wLyv4Dfvt80/DPn2pqOBsJdDiogXGR9+OvwRw==
  dependencies:
    has-flag "^4.0.0"

toxic@^1.0.0:
  version "1.0.1"
  resolved "https://npm.artifacts.pd-internal.com/npm/toxic/-/1.0.1/toxic-1.0.1.tgz"
  integrity sha512-WI3rIGdcaKULYg7KVoB0zcjikqvcYYvcuT6D89bFPz2rVR0Rl0PK6x8/X62rtdLtBKIE985NzVf/auTtGegIIg==
  dependencies:
    lodash "^4.17.10"

tr46@~0.0.3:
  version "0.0.3"
  resolved "https://npm.artifacts.pd-internal.com/npm/tr46/-/0.0.3/tr46-0.0.3.tgz"
  integrity sha512-N3WMsuqV66lT30CrXNbEjx4GEwlow3v6rr4mCcv6prnfwhS01rkgyFdjPNBYd9br7LpXV1+Emh01fHnq2Gdgrw==

tsscmp@^1.0.6:
  version "1.0.6"
  resolved "https://npm.artifacts.pd-internal.com/npm/tsscmp/-/1.0.6/tsscmp-1.0.6.tgz"
  integrity sha512-LxhtAkPDTkVCMQjt2h6eBVY28KCjikZqZfMcC15YBeNjkgUpdCfBu5HoiOTDu86v6smE8yOjyEktJ8hlbANHQA==

type-fest@^0.20.2:
  version "0.20.2"
  resolved "https://npm.artifacts.pd-internal.com/npm/type-fest/-/0.20.2/type-fest-0.20.2.tgz"
  integrity sha512-Ne+eE4r0/iWnpAxD852z3A+N0Bt5RN//NjJwRd2VFHEmrywxf5vsZlh4R6lixl6B+wz/8d+maTSAkN1FIkI3LQ==

typedarray-to-buffer@^3.1.5:
  version "3.1.5"
  resolved "https://npm.artifacts.pd-internal.com/npm/typedarray-to-buffer/-/3.1.5/typedarray-to-buffer-3.1.5.tgz"
  integrity sha512-zdu8XMNEDepKKR+XYOXAVPtWui0ly0NtohUscw+UmaHiAWT8hrV1rr//H6V+0DvJ3OQ19S979M0laLfX8rm82Q==
  dependencies:
    is-typedarray "^1.0.0"

typescript@^4.8.4:
  version "4.9.5"
  resolved "https://npm.artifacts.pd-internal.com/npm/typescript/-/4.9.5/typescript-4.9.5.tgz"
  integrity sha512-1FXk9E2Hm+QzZQ7z+McJiHL4NW1F2EzMu9Nq9i3zAaGqibafqYwCVU6WyWAuyQRRzOlxou8xZSyXLEN8oKj24g==

unique-string@^2.0.0:
  version "2.0.0"
  resolved "https://npm.artifacts.pd-internal.com/npm/unique-string/-/2.0.0/unique-string-2.0.0.tgz"
  integrity sha512-uNaeirEPvpZWSgzwsPGtU2zVSTrn/8L5q/IexZmH0eH6SA73CmAA5U4GwORTxQAZs95TAXLNqeLoPPNO5gZfWg==
  dependencies:
    crypto-random-string "^2.0.0"

unpipe@~1.0.0:
  version "1.0.0"
  resolved "https://npm.artifacts.pd-internal.com/npm/unpipe/-/1.0.0/unpipe-1.0.0.tgz"
  integrity sha512-pjy2bYhSsufwWlKwPc+l3cN7+wuJlK6uz0YdJEOlQDbl6jo/YlPi4mb8agUkVC8BF7V8NuzeyPNqRksA3hztKQ==

update-notifier-cjs@^5.1.6:
  version "5.1.6"
  resolved "https://npm.artifacts.pd-internal.com/npm/update-notifier-cjs/-/5.1.6/update-notifier-cjs-5.1.6.tgz"
  integrity sha512-wgxdSBWv3x/YpMzsWz5G4p4ec7JWD0HCl8W6bmNB6E5Gwo+1ym5oN4hiXpLf0mPySVEJEIsYlkshnplkg2OP9A==
  dependencies:
    boxen "^5.0.0"
    chalk "^4.1.0"
    configstore "^5.0.1"
    has-yarn "^2.1.0"
    import-lazy "^2.1.0"
    is-ci "^2.0.0"
    is-installed-globally "^0.4.0"
    is-npm "^5.0.0"
    is-yarn-global "^0.3.0"
    isomorphic-fetch "^3.0.0"
    pupa "^2.1.1"
    registry-auth-token "^5.0.1"
    registry-url "^5.1.0"
    semver "^7.3.7"
    semver-diff "^3.1.1"
    xdg-basedir "^4.0.0"

url-join@0.0.1:
  version "0.0.1"
  resolved "https://npm.artifacts.pd-internal.com/npm/url-join/-/0.0.1/url-join-0.0.1.tgz"
  integrity sha512-H6dnQ/yPAAVzMQRvEvyz01hhfQL5qRWSEt7BX8t9DqnPw9BjMb64fjIRq76Uvf1hkHp+mTZvEVJ5guXOT0Xqaw==

utils-merge@1.0.1:
  version "1.0.1"
  resolved "https://npm.artifacts.pd-internal.com/npm/utils-merge/-/1.0.1/utils-merge-1.0.1.tgz"
  integrity sha512-pMZTvIkT1d+TFGvDOqodOclx0QWkkgi6Tdoa8gC8ffGAAqz9pzPTZWAybbsHHoED/ztMtkv/VoYTYyShUn81hA==

valid-url@^1:
  version "1.0.9"
  resolved "https://npm.artifacts.pd-internal.com/npm/valid-url/-/1.0.9/valid-url-1.0.9.tgz"
  integrity sha512-QQDsV8OnSf5Uc30CKSwG9lnhMPe6exHtTXLRYX8uMwKENy640pU+2BgBL0LRbDh/eYRahNCS7aewCx0wf3NYVA==

vary@~1.1.2:
  version "1.1.2"
  resolved "https://npm.artifacts.pd-internal.com/npm/vary/-/1.1.2/vary-1.1.2.tgz"
  integrity sha512-BNGbWLfd0eUPabhkXUVm0j8uuvREyTh5ovRa/dyow/BqAbZJyC+5fU+IzQOzmAKzYqYRAISoRhdQr3eIZ/PXqg==

webidl-conversions@^3.0.0:
  version "3.0.1"
  resolved "https://npm.artifacts.pd-internal.com/npm/webidl-conversions/-/3.0.1/webidl-conversions-3.0.1.tgz"
  integrity sha512-2JAn3z8AR6rjK8Sm8orRC0h/bcl/DqL7tRPdGZ4I1CjdF+EaMLmYxBHyXuKL849eucPFhvBoxMsflfOb8kxaeQ==

whatwg-fetch@^3.4.1:
  version "3.6.20"
  resolved "https://npm.artifacts.pd-internal.com/npm/whatwg-fetch/-/3.6.20/whatwg-fetch-3.6.20.tgz"
  integrity sha512-EqhiFU6daOA8kpjOWTL0olhVOF3i7OrFzSYiGsEMB8GcXS+RrzauAERX65xMeNWVqxA6HXH2m69Z9LaKKdisfg==

whatwg-url@^5.0.0:
  version "5.0.0"
  resolved "https://npm.artifacts.pd-internal.com/npm/whatwg-url/-/5.0.0/whatwg-url-5.0.0.tgz"
  integrity sha512-saE57nupxk6v3HY35+jzBwYa0rKSy0XR8JSxZPwgLr7ys0IBzhGviA1/TUGJLmSVqs8pb9AnvICXEuOHLprYTw==
  dependencies:
    tr46 "~0.0.3"
    webidl-conversions "^3.0.0"

widest-line@^3.1.0:
  version "3.1.0"
  resolved "https://npm.artifacts.pd-internal.com/npm/widest-line/-/3.1.0/widest-line-3.1.0.tgz"
  integrity sha512-NsmoXalsWVDMGupxZ5R08ka9flZjjiLvHVAWYOKtiKM8ujtZWr9cRffak+uSE48+Ob8ObalXpwyeUiyDD6QFgg==
  dependencies:
    string-width "^4.0.0"

wrap-ansi@^7.0.0:
  version "7.0.0"
  resolved "https://npm.artifacts.pd-internal.com/npm/wrap-ansi/-/7.0.0/wrap-ansi-7.0.0.tgz"
  integrity sha512-YVGIj2kamLSTxw6NsZjoBxfSwsn0ycdesmc4p+Q21c5zPuZ1pl+NfxVdxPtdHvmNVOQ6XSYG4AUtyt/Fi7D16Q==
  dependencies:
    ansi-styles "^4.0.0"
    string-width "^4.1.0"
    strip-ansi "^6.0.0"

write-file-atomic@^3.0.0:
  version "3.0.3"
  resolved "https://npm.artifacts.pd-internal.com/npm/write-file-atomic/-/3.0.3/write-file-atomic-3.0.3.tgz"
  integrity sha512-AvHcyZ5JnSfq3ioSyjrBkH9yW4m7Ayk8/9My/DD9onKeu/94fwrMocemO2QAJFAlnnDN+ZDS+ZjAR5ua1/PV/Q==
  dependencies:
    imurmurhash "^0.1.4"
    is-typedarray "^1.0.0"
    signal-exit "^3.0.2"
    typedarray-to-buffer "^3.1.5"

xdg-basedir@^4.0.0:
  version "4.0.0"
  resolved "https://npm.artifacts.pd-internal.com/npm/xdg-basedir/-/4.0.0/xdg-basedir-4.0.0.tgz"
  integrity sha512-PSNhEJDejZYV7h50BohL09Er9VaIefr2LMAf3OEmpCkjOi34eYyQYAXUTjEQtZJTKcF0E2UKTh+osDLsgNim9Q==
